{
  "name": "unziptcli",
  "version": "0.0.1",
  "lockfileVersion": 1,
  "requires": true,
  "dependencies": {
    "@types/node": {
      "version": "10.12.10",
      "resolved": "https://registry.npmjs.org/@types/node/-/node-10.12.10.tgz",
      "integrity": "sha512-8xZEYckCbUVgK8Eg7lf5Iy4COKJ5uXlnIOnePN0WUwSQggy9tolM+tDJf7wMOnT/JT/W9xDYIaYggt3mRV2O5w=="
    },
    "@types/progress": {
      "version": "2.0.1",
      "resolved": "https://registry.npmjs.org/@types/progress/-/progress-2.0.1.tgz",
      "integrity": "sha512-1Smw4LvkCM4zgie7Zo/GtzrMx1Zlq1XVfPoOBXPLIkmtep06wBE7sXupVDq7MXWrHCYtsM0d6i5eF6OM+LJJrQ==",
      "dev": true,
      "requires": {
        "@types/node": "*"
      }
    },
    "progress": {
      "version": "2.0.1",
      "resolved": "https://registry.npmjs.org/progress/-/progress-2.0.1.tgz",
      "integrity": "sha512-OE+a6vzqazc+K6LxJrX5UPyKFvGnL5CYmq2jFGNIBWHpc4QyE49/YOumcrpQFJpfejmvRtbJzgO1zPmMCqlbBg=="
    },
    "unzipt": {
      "version": "0.0.3",
      "resolved": "https://registry.npmjs.org/unzipt/-/unzipt-0.0.3.tgz",
      "integrity": "sha512-/yOae6DDPzjPdfJp7GIDpuZCvZ8vPOUeOvOR+uLFRA5JZp71B5yesXpPe2cqtbTc/1QrvckZcz7UEfEHCisn+Q=="
    }
  }
}
